{
  "name": "railway-stations-frontend",
  "version": "1.0.0",
  "lockfileVersion": 1,
  "requires": true,
  "dependencies": {
    "@fortawesome/fontawesome-free": {
      "version": "5.12.0",
      "resolved": "https://registry.npmjs.org/@fortawesome/fontawesome-free/-/fontawesome-free-5.12.0.tgz",
      "integrity": "sha512-vKDJUuE2GAdBERaQWmmtsciAMzjwNrROXA5KTGSZvayAsmuTGjam5z6QNqNPCwDfVljLWuov1nEC3mEQf/n6fQ=="
    },
    "@prettier/plugin-php": {
      "version": "0.12.0",
      "resolved": "https://registry.npmjs.org/@prettier/plugin-php/-/plugin-php-0.12.0.tgz",
      "integrity": "sha512-XoP2qX/Es1d6QWwxPRJm+KBS90g/iUs9zT7mbo2H5IdDf7JoWuxGPsmpFuCkRJIFlROuyWJFOBHvDC7z3ne2pw==",
      "dev": true,
      "requires": {
        "linguist-languages": "^7.5.1",
        "mem": "^6.0.1",
        "php-parser": "github:glayzzle/php-parser#prettier"
      }
    },
    "@types/jquery": {
      "version": "2.0.54",
      "resolved": "https://registry.npmjs.org/@types/jquery/-/jquery-2.0.54.tgz",
      "integrity": "sha512-D/PomKwNkDfSKD13DEVQT/pq2TUjN54c6uB341fEZanIzkjfGe7UaFuuaLZbpEiS5j7Wk2MUHAZqZIoECw29lg=="
    },
    "bootstrap": {
      "version": "4.4.1",
      "resolved": "https://registry.npmjs.org/bootstrap/-/bootstrap-4.4.1.tgz",
      "integrity": "sha512-tbx5cHubwE6e2ZG7nqM3g/FZ5PQEDMWmMGNrCUBVRPHXTJaH7CBDdsLeu3eCh3B1tzAxTnAbtmrzvWEvT2NNEA=="
    },
    "bs-custom-file-input": {
      "version": "1.3.2",
      "resolved": "https://registry.npmjs.org/bs-custom-file-input/-/bs-custom-file-input-1.3.2.tgz",
      "integrity": "sha512-lzgtGX2GDo7nUmsTCcTvYkCc35d3/E14h+HXmFKV8z2EJmtkMcvYT8BsWOjK67+ogZR3kc8OfH5O8APjvDUtFg=="
    },
    "jQuery-Autocomplete": {
      "version": "git+https://github.com/devbridge/jQuery-Autocomplete.git#43b2953ab7ca5cb372d2463851b0c502dbe702da",
      "from": "git+https://github.com/devbridge/jQuery-Autocomplete.git#v1.4.10",
      "requires": {
        "@types/jquery": "^2.0.32",
        "jquery": ">=1.7"
      }
    },
    "jquery": {
      "version": "3.4.1",
      "resolved": "https://registry.npmjs.org/jquery/-/jquery-3.4.1.tgz",
      "integrity": "sha512-36+AdBzCL+y6qjw5Tx7HgzeGCzC81MDDgaUP8ld2zhx58HdqXGoBd+tHdrBMiyjGQs0Hxs/MLZTu/eHNJJuWPw=="
    },
    "leaflet": {
      "version": "1.6.0",
      "resolved": "https://registry.npmjs.org/leaflet/-/leaflet-1.6.0.tgz",
      "integrity": "sha512-CPkhyqWUKZKFJ6K8umN5/D2wrJ2+/8UIpXppY7QDnUZW5bZL5+SEI2J7GBpwh4LIupOKqbNSQXgqmrEJopHVNQ=="
    },
    "leaflet-spin": {
      "version": "1.1.0",
      "resolved": "https://registry.npmjs.org/leaflet-spin/-/leaflet-spin-1.1.0.tgz",
      "integrity": "sha1-cpi+O+mrBbVAkT2EkV1jR/SbHk4=",
      "requires": {
        "spin.js": "^2.3.1"
      }
    },
    "leaflet.markercluster": {
      "version": "1.4.1",
      "resolved": "https://registry.npmjs.org/leaflet.markercluster/-/leaflet.markercluster-1.4.1.tgz",
      "integrity": "sha512-ZSEpE/EFApR0bJ1w/dUGwTSUvWlpalKqIzkaYdYB7jaftQA/Y2Jav+eT4CMtEYFj+ZK4mswP13Q2acnPBnhGOw=="
    },
    "linguist-languages": {
      "version": "7.7.0",
      "resolved": "https://registry.npmjs.org/linguist-languages/-/linguist-languages-7.7.0.tgz",
      "integrity": "sha512-6vR1OgfD/YK1xgqVBT3aUx9zurSVeHUsXpVyTilT1o7LW6MNAcGmWy5wwmQAAhvEXxG2PZmktHbQiGtJ5hpGkg==",
      "dev": true
    },
    "map-age-cleaner": {
      "version": "0.1.3",
      "resolved": "https://registry.npmjs.org/map-age-cleaner/-/map-age-cleaner-0.1.3.tgz",
      "integrity": "sha512-bJzx6nMoP6PDLPBFmg7+xRKeFZvFboMrGlxmNj9ClvX53KrmvM5bXFXEWjbz4cz1AFn+jWJ9z/DJSz7hrs0w3w==",
      "dev": true,
      "requires": {
        "p-defer": "^1.0.0"
      }
    },
    "mem": {
      "version": "6.0.1",
      "resolved": "https://registry.npmjs.org/mem/-/mem-6.0.1.tgz",
      "integrity": "sha512-uIRYASflIsXqvKe+7aXbLrydaRzz4qiK6amqZDQI++eRtW3UoKtnDcGeCAOREgll7YMxO5E4VB9+3B0LFmy96g==",
      "dev": true,
      "requires": {
        "map-age-cleaner": "^0.1.3",
        "mimic-fn": "^3.0.0"
      }
    },
    "mimic-fn": {
      "version": "3.0.0",
      "resolved": "https://registry.npmjs.org/mimic-fn/-/mimic-fn-3.0.0.tgz",
      "integrity": "sha512-PiVO95TKvhiwgSwg1IdLYlCTdul38yZxZMIcnDSFIBUm4BNZha2qpQ4GpJ++15bHoKDtrW2D69lMfFwdFYtNZQ==",
      "dev": true
    },
    "p-defer": {
      "version": "1.0.0",
      "resolved": "https://registry.npmjs.org/p-defer/-/p-defer-1.0.0.tgz",
      "integrity": "sha1-n26xgvbJqozXQwBKfU+WsZaw+ww=",
      "dev": true
    },
    "php-parser": {
      "version": "github:glayzzle/php-parser#3279b7ee9bd78b914b5b840edc749eee0fabbfd8",
      "from": "github:glayzzle/php-parser#prettier",
      "dev": true
    },
    "popper.js": {
      "version": "1.16.0",
      "resolved": "https://registry.npmjs.org/popper.js/-/popper.js-1.16.0.tgz",
      "integrity": "sha512-+G+EkOPoE5S/zChTpmBSSDYmhXJ5PsW8eMhH8cP/CQHMFPBG/kC9Y5IIw6qNYgdJ+/COf0ddY2li28iHaZRSjw=="
    },
    "prettier": {
      "version": "1.19.1",
      "resolved": "https://registry.npmjs.org/prettier/-/prettier-1.19.1.tgz",
      "integrity": "sha512-s7PoyDv/II1ObgQunCbB9PdLmUcBZcnWOcxDh7O0N/UwDEsHyqkW+Qh28jW+mVuCdx7gLB0BotYI1Y6uI9iyew==",
      "dev": true
    },
    "spin.js": {
      "version": "2.3.2",
      "resolved": "https://registry.npmjs.org/spin.js/-/spin.js-2.3.2.tgz",
      "integrity": "sha1-bKpW1SBnNFD9XPvGlx5tB3LDeho="
    }
  }
}
